// !$*UTF8*$!
{
	archiveVersion = 1;
	classes = {
	};
	objectVersion = 77;
	objects = {

/* Begin PBXContainerItemProxy section */
		1C9D67A72DE8A75B00FECF4C /* PBXContainerItemProxy */ = {
			isa = PBXContainerItemProxy;
			containerPortal = 1C9D67882DE8A75A00FECF4C /* Project object */;
			proxyType = 1;
			remoteGlobalIDString = 1C9D678F2DE8A75A00FECF4C;
			remoteInfo = "emyrean-take-home-assignment";
		};
		1C9D67B12DE8A75B00FECF4C /* PBXContainerItemProxy */ = {
			isa = PBXContainerItemProxy;
			containerPortal = 1C9D67882DE8A75A00FECF4C /* Project object */;
			proxyType = 1;
			remoteGlobalIDString = 1C9D678F2DE8A75A00FECF4C;
			remoteInfo = "emyrean-take-home-assignment";
		};
/* End PBXContainerItemProxy section */

/* Begin PBXFileReference section */
		1C9D67902DE8A75A00FECF4C /* emyrean-take-home-assignment.app */ = {isa = PBXFileReference; explicitFileType = wrapper.application; includeInIndex = 0; path = "emyrean-take-home-assignment.app"; sourceTree = BUILT_PRODUCTS_DIR; };
		1C9D67A62DE8A75B00FECF4C /* emyrean-take-home-assignmentTests.xctest */ = {isa = PBXFileReference; explicitFileType = wrapper.cfbundle; includeInIndex = 0; path = "emyrean-take-home-assignmentTests.xctest"; sourceTree = BUILT_PRODUCTS_DIR; };
		1C9D67B02DE8A75B00FECF4C /* emyrean-take-home-assignmentUITests.xctest */ = {isa = PBXFileReference; explicitFileType = wrapper.cfbundle; includeInIndex = 0; path = "emyrean-take-home-assignmentUITests.xctest"; sourceTree = BUILT_PRODUCTS_DIR; };
/* End PBXFileReference section */

/* Begin PBXFileSystemSynchronizedBuildFileExceptionSet section */
		1C9D67B82DE8A75B00FECF4C /* Exceptions for "emyrean-take-home-assignment" folder in "emyrean-take-home-assignment" target */ = {
			isa = PBXFileSystemSynchronizedBuildFileExceptionSet;
			membershipExceptions = (
				Info.plist,
			);
			target = 1C9D678F2DE8A75A00FECF4C /* emyrean-take-home-assignment */;
		};
/* End PBXFileSystemSynchronizedBuildFileExceptionSet section */

/* Begin PBXFileSystemSynchronizedRootGroup section */
		1C9D67922DE8A75A00FECF4C /* emyrean-take-home-assignment */ = {
			isa = PBXFileSystemSynchronizedRootGroup;
			exceptions = (
				1C9D67B82DE8A75B00FECF4C /* Exceptions for "emyrean-take-home-assignment" folder in "emyrean-take-home-assignment" target */,
			);
			path = "emyrean-take-home-assignment";
			sourceTree = "<group>";
		};
		1C9D67A92DE8A75B00FECF4C /* emyrean-take-home-assignmentTests */ = {
			isa = PBXFileSystemSynchronizedRootGroup;
			path = "emyrean-take-home-assignmentTests";
			sourceTree = "<group>";
		};
		1C9D67B32DE8A75B00FECF4C /* emyrean-take-home-assignmentUITests */ = {
			isa = PBXFileSystemSynchronizedRootGroup;
			path = "emyrean-take-home-assignmentUITests";
			sourceTree = "<group>";
		};
/* End PBXFileSystemSynchronizedRootGroup section */

/* Begin PBXFrameworksBuildPhase section */
		1C9D678D2DE8A75A00FECF4C /* Frameworks */ = {
			isa = PBXFrameworksBuildPhase;
			buildActionMask = 2147483647;
			files = (
			);
			runOnlyForDeploymentPostprocessing = 0;
		};
		1C9D67A32DE8A75B00FECF4C /* Frameworks */ = {
			isa = PBXFrameworksBuildPhase;
			buildActionMask = 2147483647;
			files = (
			);
			runOnlyForDeploymentPostprocessing = 0;
		};
		1C9D67AD2DE8A75B00FECF4C /* Frameworks */ = {
			isa = PBXFrameworksBuildPhase;
			buildActionMask = 2147483647;
			files = (
			);
			runOnlyForDeploymentPostprocessing = 0;
		};
/* End PBXFrameworksBuildPhase section */

/* Begin PBXGroup section */
		1C9D67872DE8A75A00FECF4C = {
			isa = PBXGroup;
			children = (
				1C9D67922DE8A75A00FECF4C /* emyrean-take-home-assignment */,
				1C9D67A92DE8A75B00FECF4C /* emyrean-take-home-assignmentTests */,
				1C9D67B32DE8A75B00FECF4C /* emyrean-take-home-assignmentUITests */,
				1C9D67912DE8A75A00FECF4C /* Products */,
			);
			sourceTree = "<group>";
		};
		1C9D67912DE8A75A00FECF4C /* Products */ = {
			isa = PBXGroup;
			children = (
				1C9D67902DE8A75A00FECF4C /* emyrean-take-home-assignment.app */,
				1C9D67A62DE8A75B00FECF4C /* emyrean-take-home-assignmentTests.xctest */,
				1C9D67B02DE8A75B00FECF4C /* emyrean-take-home-assignmentUITests.xctest */,
			);
			name = Products;
			sourceTree = "<group>";
		};
/* End PBXGroup section */

/* Begin PBXNativeTarget section */
		1C9D678F2DE8A75A00FECF4C /* emyrean-take-home-assignment */ = {
			isa = PBXNativeTarget;
			buildConfigurationList = 1C9D67B92DE8A75B00FECF4C /* Build configuration list for PBXNativeTarget "emyrean-take-home-assignment" */;
			buildPhases = (
				1C9D678C2DE8A75A00FECF4C /* Sources */,
				1C9D678D2DE8A75A00FECF4C /* Frameworks */,
				1C9D678E2DE8A75A00FECF4C /* Resources */,
			);
			buildRules = (
			);
			dependencies = (
			);
			fileSystemSynchronizedGroups = (
				1C9D67922DE8A75A00FECF4C /* emyrean-take-home-assignment */,
			);
			name = "emyrean-take-home-assignment";
			packageProductDependencies = (
			);
			productName = "emyrean-take-home-assignment";
			productReference = 1C9D67902DE8A75A00FECF4C /* emyrean-take-home-assignment.app */;
			productType = "com.apple.product-type.application";
		};
		1C9D67A52DE8A75B00FECF4C /* emyrean-take-home-assignmentTests */ = {
			isa = PBXNativeTarget;
			buildConfigurationList = 1C9D67BE2DE8A75B00FECF4C /* Build configuration list for PBXNativeTarget "emyrean-take-home-assignmentTests" */;
			buildPhases = (
				1C9D67A22DE8A75B00FECF4C /* Sources */,
				1C9D67A32DE8A75B00FECF4C /* Frameworks */,
				1C9D67A42DE8A75B00FECF4C /* Resources */,
			);
			buildRules = (
			);
			dependencies = (
				1C9D67A82DE8A75B00FECF4C /* PBXTargetDependency */,
			);
			fileSystemSynchronizedGroups = (
				1C9D67A92DE8A75B00FECF4C /* emyrean-take-home-assignmentTests */,
			);
			name = "emyrean-take-home-assignmentTests";
			packageProductDependencies = (
			);
			productName = "emyrean-take-home-assignmentTests";
			productReference = 1C9D67A62DE8A75B00FECF4C /* emyrean-take-home-assignmentTests.xctest */;
			productType = "com.apple.product-type.bundle.unit-test";
		};
		1C9D67AF2DE8A75B00FECF4C /* emyrean-take-home-assignmentUITests */ = {
			isa = PBXNativeTarget;
			buildConfigurationList = 1C9D67C12DE8A75B00FECF4C /* Build configuration list for PBXNativeTarget "emyrean-take-home-assignmentUITests" */;
			buildPhases = (
				1C9D67AC2DE8A75B00FECF4C /* Sources */,
				1C9D67AD2DE8A75B00FECF4C /* Frameworks */,
				1C9D67AE2DE8A75B00FECF4C /* Resources */,
			);
			buildRules = (
			);
			dependencies = (
				1C9D67B22DE8A75B00FECF4C /* PBXTargetDependency */,
			);
			fileSystemSynchronizedGroups = (
				1C9D67B32DE8A75B00FECF4C /* emyrean-take-home-assignmentUITests */,
			);
			name = "emyrean-take-home-assignmentUITests";
			packageProductDependencies = (
			);
			productName = "emyrean-take-home-assignmentUITests";
			productReference = 1C9D67B02DE8A75B00FECF4C /* emyrean-take-home-assignmentUITests.xctest */;
			productType = "com.apple.product-type.bundle.ui-testing";
		};
/* End PBXNativeTarget section */

/* Begin PBXProject section */
		1C9D67882DE8A75A00FECF4C /* Project object */ = {
			isa = PBXProject;
			attributes = {
				BuildIndependentTargetsInParallel = 1;
				LastSwiftUpdateCheck = 1630;
				LastUpgradeCheck = 1630;
				TargetAttributes = {
					1C9D678F2DE8A75A00FECF4C = {
						CreatedOnToolsVersion = 16.3;
					};
					1C9D67A52DE8A75B00FECF4C = {
						CreatedOnToolsVersion = 16.3;
						TestTargetID = 1C9D678F2DE8A75A00FECF4C;
					};
					1C9D67AF2DE8A75B00FECF4C = {
						CreatedOnToolsVersion = 16.3;
						TestTargetID = 1C9D678F2DE8A75A00FECF4C;
					};
				};
			};
			buildConfigurationList = 1C9D678B2DE8A75A00FECF4C /* Build configuration list for PBXProject "emyrean-take-home-assignment" */;
			developmentRegion = en;
			hasScannedForEncodings = 0;
			knownRegions = (
				en,
				Base,
			);
			mainGroup = 1C9D67872DE8A75A00FECF4C;
			minimizedProjectReferenceProxies = 1;
			preferredProjectObjectVersion = 77;
			productRefGroup = 1C9D67912DE8A75A00FECF4C /* Products */;
			projectDirPath = "";
			projectRoot = "";
			targets = (
				1C9D678F2DE8A75A00FECF4C /* emyrean-take-home-assignment */,
				1C9D67A52DE8A75B00FECF4C /* emyrean-take-home-assignmentTests */,
				1C9D67AF2DE8A75B00FECF4C /* emyrean-take-home-assignmentUITests */,
			);
		};
/* End PBXProject section */

/* Begin PBXResourcesBuildPhase section */
		1C9D678E2DE8A75A00FECF4C /* Resources */ = {
			isa = PBXResourcesBuildPhase;
			buildActionMask = 2147483647;
			files = (
			);
			runOnlyForDeploymentPostprocessing = 0;
		};
		1C9D67A42DE8A75B00FECF4C /* Resources */ = {
			isa = PBXResourcesBuildPhase;
			buildActionMask = 2147483647;
			files = (
			);
			runOnlyForDeploymentPostprocessing = 0;
		};
		1C9D67AE2DE8A75B00FECF4C /* Resources */ = {
			isa = PBXResourcesBuildPhase;
			buildActionMask = 2147483647;
			files = (
			);
			runOnlyForDeploymentPostprocessing = 0;
		};
/* End PBXResourcesBuildPhase section */

/* Begin PBXSourcesBuildPhase section */
		1C9D678C2DE8A75A00FECF4C /* Sources */ = {
			isa = PBXSourcesBuildPhase;
			buildActionMask = 2147483647;
			files = (
			);
			runOnlyForDeploymentPostprocessing = 0;
		};
		1C9D67A22DE8A75B00FECF4C /* Sources */ = {
			isa = PBXSourcesBuildPhase;
			buildActionMask = 2147483647;
			files = (
			);
			runOnlyForDeploymentPostprocessing = 0;
		};
		1C9D67AC2DE8A75B00FECF4C /* Sources */ = {
			isa = PBXSourcesBuildPhase;
			buildActionMask = 2147483647;
			files = (
			);
			runOnlyForDeploymentPostprocessing = 0;
		};
/* End PBXSourcesBuildPhase section */

/* Begin PBXTargetDependency section */
		1C9D67A82DE8A75B00FECF4C /* PBXTargetDependency */ = {
			isa = PBXTargetDependency;
			target = 1C9D678F2DE8A75A00FECF4C /* emyrean-take-home-assignment */;
			targetProxy = 1C9D67A72DE8A75B00FECF4C /* PBXContainerItemProxy */;
		};
		1C9D67B22DE8A75B00FECF4C /* PBXTargetDependency */ = {
			isa = PBXTargetDependency;
			target = 1C9D678F2DE8A75A00FECF4C /* emyrean-take-home-assignment */;
			targetProxy = 1C9D67B12DE8A75B00FECF4C /* PBXContainerItemProxy */;
		};
/* End PBXTargetDependency section */

/* Begin XCBuildConfiguration section */
		1C9D67BA2DE8A75B00FECF4C /* Debug */ = {
			isa = XCBuildConfiguration;
			buildSettings = {
				ASSETCATALOG_COMPILER_APPICON_NAME = AppIcon;
				ASSETCATALOG_COMPILER_GLOBAL_ACCENT_COLOR_NAME = AccentColor;
				CODE_SIGN_STYLE = Automatic;
				CURRENT_PROJECT_VERSION = 1;
				DEVELOPMENT_TEAM = GAQT8HYM7F;
				GENERATE_INFOPLIST_FILE = YES;
				INFOPLIST_FILE = "emyrean-take-home-assignment/Info.plist";
				INFOPLIST_KEY_UIApplicationSupportsIndirectInputEvents = YES;
				INFOPLIST_KEY_UILaunchStoryboardName = LaunchScreen;
				INFOPLIST_KEY_UISupportedInterfaceOrientations_iPad = "UIInterfaceOrientationPortrait UIInterfaceOrientationPortraitUpsideDown UIInterfaceOrientationLandscapeLeft UIInterfaceOrientationLandscapeRight";
				INFOPLIST_KEY_UISupportedInterfaceOrientations_iPhone = "UIInterfaceOrientationPortrait UIInterfaceOrientationLandscapeLeft UIInterfaceOrientationLandscapeRight";
				LD_RUNPATH_SEARCH_PATHS = (
					"$(inherited)",
					"@executable_path/Frameworks",
				);
				MARKETING_VERSION = 1.0;
				PRODUCT_BUNDLE_IDENTIFIER = "com.kuma.emyrean-take-home-assignment";
				PRODUCT_NAME = "$(TARGET_NAME)";
				SWIFT_EMIT_LOC_STRINGS = YES;
				SWIFT_VERSION = 5.0;
				TARGETED_DEVICE_FAMILY = "1,2";
			};
			name = Debug;
		};
		1C9D67BB2DE8A75B00FECF4C /* Release */ = {
			isa = XCBuildConfiguration;
			buildSettings = {
				ASSETCATALOG_COMPILER_APPICON_NAME = AppIcon;
				ASSETCATALOG_COMPILER_GLOBAL_ACCENT_COLOR_NAME = AccentColor;
				CODE_SIGN_STYLE = Automatic;
				CURRENT_PROJECT_VERSION = 1;
				DEVELOPMENT_TEAM = GAQT8HYM7F;
				GENERATE_INFOPLIST_FILE = YES;
				INFOPLIST_FILE = "emyrean-take-home-assignment/Info.plist";
				INFOPLIST_KEY_UIApplicationSupportsIndirectInputEvents = YES;
				INFOPLIST_KEY_UILaunchStoryboardName = LaunchScreen;
				INFOPLIST_KEY_UISupportedInterfaceOrientations_iPad = "UIInterfaceOrientationPortrait UIInterfaceOrientationPortraitUpsideDown UIInterfaceOrientationLandscapeLeft UIInterfaceOrientationLandscapeRight";
				INFOPLIST_KEY_UISupportedInterfaceOrientations_iPhone = "UIInterfaceOrientationPortrait UIInterfaceOrientationLandscapeLeft UIInterfaceOrientationLandscapeRight";
				LD_RUNPATH_SEARCH_PATHS = (
					"$(inherited)",
					"@executable_path/Frameworks",
				);
				MARKETING_VERSION = 1.0;
				PRODUCT_BUNDLE_IDENTIFIER = "com.kuma.emyrean-take-home-assignment";
				PRODUCT_NAME = "$(TARGET_NAME)";
				SWIFT_EMIT_LOC_STRINGS = YES;
				SWIFT_VERSION = 5.0;
				TARGETED_DEVICE_FAMILY = "1,2";
			};
			name = Release;
		};
		1C9D67BC2DE8A75B00FECF4C /* Debug */ = {
			isa = XCBuildConfiguration;
			buildSettings = {
				ALWAYS_SEARCH_USER_PATHS = NO;
				ASSETCATALOG_COMPILER_GENERATE_SWIFT_ASSET_SYMBOL_EXTENSIONS = YES;
				CLANG_ANALYZER_NONNULL = YES;
				CLANG_ANALYZER_NUMBER_OBJECT_CONVERSION = YES_AGGRESSIVE;
				CLANG_CXX_LANGUAGE_STANDARD = "gnu++20";
				CLANG_ENABLE_MODULES = YES;
				CLANG_ENABLE_OBJC_ARC = YES;
				CLANG_ENABLE_OBJC_WEAK = YES;
				CLANG_WARN_BLOCK_CAPTURE_AUTORELEASING = YES;
				CLANG_WARN_BOOL_CONVERSION = YES;
				CLANG_WARN_COMMA = YES;
				CLANG_WARN_CONSTANT_CONVERSION = YES;
				CLANG_WARN_DEPRECATED_OBJC_IMPLEMENTATIONS = YES;
				CLANG_WARN_DIRECT_OBJC_ISA_USAGE = YES_ERROR;
				CLANG_WARN_DOCUMENTATION_COMMENTS = YES;
				CLANG_WARN_EMPTY_BODY = YES;
				CLANG_WARN_ENUM_CONVERSION = YES;
				CLANG_WARN_INFINITE_RECURSION = YES;
				CLANG_WARN_INT_CONVERSION = YES;
				CLANG_WARN_NON_LITERAL_NULL_CONVERSION = YES;
				CLANG_WARN_OBJC_IMPLICIT_RETAIN_SELF = YES;
				CLANG_WARN_OBJC_LITERAL_CONVERSION = YES;
				CLANG_WARN_OBJC_ROOT_CLASS = YES_ERROR;
				CLANG_WARN_QUOTED_INCLUDE_IN_FRAMEWORK_HEADER = YES;
				CLANG_WARN_RANGE_LOOP_ANALYSIS = YES;
				CLANG_WARN_STRICT_PROTOTYPES = YES;
				CLANG_WARN_SUSPICIOUS_MOVE = YES;
				CLANG_WARN_UNGUARDED_AVAILABILITY = YES_AGGRESSIVE;
				CLANG_WARN_UNREACHABLE_CODE = YES;
				CLANG_WARN__DUPLICATE_METHOD_MATCH = YES;
				COPY_PHASE_STRIP = NO;
				DEBUG_INFORMATION_FORMAT = dwarf;
				DEVELOPMENT_TEAM = GAQT8HYM7F;
				ENABLE_STRICT_OBJC_MSGSEND = YES;
				ENABLE_TESTABILITY = YES;
				ENABLE_USER_SCRIPT_SANDBOXING = YES;
				GCC_C_LANGUAGE_STANDARD = gnu17;
				GCC_DYNAMIC_NO_PIC = NO;
				GCC_NO_COMMON_BLOCKS = YES;
				GCC_OPTIMIZATION_LEVEL = 0;
				GCC_PREPROCESSOR_DEFINITIONS = (
					"DEBUG=1",
					"$(inherited)",
				);
				GCC_WARN_64_TO_32_BIT_CONVERSION = YES;
				GCC_WARN_ABOUT_RETURN_TYPE = YES_ERROR;
				GCC_WARN_UNDECLARED_SELECTOR = YES;
				GCC_WARN_UNINITIALIZED_AUTOS = YES_AGGRESSIVE;
				GCC_WARN_UNUSED_FUNCTION = YES;
				GCC_WARN_UNUSED_VARIABLE = YES;
				IPHONEOS_DEPLOYMENT_TARGET = 18.4;
				LOCALIZATION_PREFERS_STRING_CATALOGS = YES;
				MTL_ENABLE_DEBUG_INFO = INCLUDE_SOURCE;
				MTL_FAST_MATH = YES;
				ONLY_ACTIVE_ARCH = YES;
				SDKROOT = iphoneos;
				SWIFT_ACTIVE_COMPILATION_CONDITIONS = "DEBUG $(inherited)";
				SWIFT_OPTIMIZATION_LEVEL = "-Onone";
			};
			name = Debug;
		};
		1C9D67BD2DE8A75B00FECF4C /* Release */ = {
			isa = XCBuildConfiguration;
			buildSettings = {
				ALWAYS_SEARCH_USER_PATHS = NO;
				ASSETCATALOG_COMPILER_GENERATE_SWIFT_ASSET_SYMBOL_EXTENSIONS = YES;
				CLANG_ANALYZER_NONNULL = YES;
				CLANG_ANALYZER_NUMBER_OBJECT_CONVERSION = YES_AGGRESSIVE;
				CLANG_CXX_LANGUAGE_STANDARD = "gnu++20";
				CLANG_ENABLE_MODULES = YES;
				CLANG_ENABLE_OBJC_ARC = YES;
				CLANG_ENABLE_OBJC_WEAK = YES;
				CLANG_WARN_BLOCK_CAPTURE_AUTORELEASING = YES;
				CLANG_WARN_BOOL_CONVERSION = YES;
				CLANG_WARN_COMMA = YES;
				CLANG_WARN_CONSTANT_CONVERSION = YES;
				CLANG_WARN_DEPRECATED_OBJC_IMPLEMENTATIONS = YES;
				CLANG_WARN_DIRECT_OBJC_ISA_USAGE = YES_ERROR;
				CLANG_WARN_DOCUMENTATION_COMMENTS = YES;
				CLANG_WARN_EMPTY_BODY = YES;
				CLANG_WARN_ENUM_CONVERSION = YES;
				CLANG_WARN_INFINITE_RECURSION = YES;
				CLANG_WARN_INT_CONVERSION = YES;
				CLANG_WARN_NON_LITERAL_NULL_CONVERSION = YES;
				CLANG_WARN_OBJC_IMPLICIT_RETAIN_SELF = YES;
				CLANG_WARN_OBJC_LITERAL_CONVERSION = YES;
				CLANG_WARN_OBJC_ROOT_CLASS = YES_ERROR;
				CLANG_WARN_QUOTED_INCLUDE_IN_FRAMEWORK_HEADER = YES;
				CLANG_WARN_RANGE_LOOP_ANALYSIS = YES;
				CLANG_WARN_STRICT_PROTOTYPES = YES;
				CLANG_WARN_SUSPICIOUS_MOVE = YES;
				CLANG_WARN_UNGUARDED_AVAILABILITY = YES_AGGRESSIVE;
				CLANG_WARN_UNREACHABLE_CODE = YES;
				CLANG_WARN__DUPLICATE_METHOD_MATCH = YES;
				COPY_PHASE_STRIP = NO;
				DEBUG_INFORMATION_FORMAT = "dwarf-with-dsym";
				DEVELOPMENT_TEAM = GAQT8HYM7F;
				ENABLE_NS_ASSERTIONS = NO;
				ENABLE_STRICT_OBJC_MSGSEND = YES;
				ENABLE_USER_SCRIPT_SANDBOXING = YES;
				GCC_C_LANGUAGE_STANDARD = gnu17;
				GCC_NO_COMMON_BLOCKS = YES;
				GCC_WARN_64_TO_32_BIT_CONVERSION = YES;
				GCC_WARN_ABOUT_RETURN_TYPE = YES_ERROR;
				GCC_WARN_UNDECLARED_SELECTOR = YES;
				GCC_WARN_UNINITIALIZED_AUTOS = YES_AGGRESSIVE;
				GCC_WARN_UNUSED_FUNCTION = YES;
				GCC_WARN_UNUSED_VARIABLE = YES;
				IPHONEOS_DEPLOYMENT_TARGET = 18.4;
				LOCALIZATION_PREFERS_STRING_CATALOGS = YES;
				MTL_ENABLE_DEBUG_INFO = NO;
				MTL_FAST_MATH = YES;
				SDKROOT = iphoneos;
				SWIFT_COMPILATION_MODE = wholemodule;
				VALIDATE_PRODUCT = YES;
			};
			name = Release;
		};
		1C9D67BF2DE8A75B00FECF4C /* Debug */ = {
			isa = XCBuildConfiguration;
			buildSettings = {
				BUNDLE_LOADER = "$(TEST_HOST)";
				CODE_SIGN_STYLE = Automatic;
				CURRENT_PROJECT_VERSION = 1;
				DEVELOPMENT_TEAM = GAQT8HYM7F;
				GENERATE_INFOPLIST_FILE = YES;
				IPHONEOS_DEPLOYMENT_TARGET = 18.4;
				MARKETING_VERSION = 1.0;
				PRODUCT_BUNDLE_IDENTIFIER = "com.kuma.emyrean-take-home-assignmentTests";
				PRODUCT_NAME = "$(TARGET_NAME)";
				SWIFT_EMIT_LOC_STRINGS = NO;
				SWIFT_VERSION = 5.0;
				TARGETED_DEVICE_FAMILY = "1,2";
				TEST_HOST = "$(BUILT_PRODUCTS_DIR)/emyrean-take-home-assignment.app/$(BUNDLE_EXECUTABLE_FOLDER_PATH)/emyrean-take-home-assignment";
			};
			name = Debug;
		};
		1C9D67C02DE8A75B00FECF4C /* Release */ = {
			isa = XCBuildConfiguration;
			buildSettings = {
				BUNDLE_LOADER = "$(TEST_HOST)";
				CODE_SIGN_STYLE = Automatic;
				CURRENT_PROJECT_VERSION = 1;
				DEVELOPMENT_TEAM = GAQT8HYM7F;
				GENERATE_INFOPLIST_FILE = YES;
				IPHONEOS_DEPLOYMENT_TARGET = 18.4;
				MARKETING_VERSION = 1.0;
				PRODUCT_BUNDLE_IDENTIFIER = "com.kuma.emyrean-take-home-assignmentTests";
				PRODUCT_NAME = "$(TARGET_NAME)";
				SWIFT_EMIT_LOC_STRINGS = NO;
				SWIFT_VERSION = 5.0;
				TARGETED_DEVICE_FAMILY = "1,2";
				TEST_HOST = "$(BUILT_PRODUCTS_DIR)/emyrean-take-home-assignment.app/$(BUNDLE_EXECUTABLE_FOLDER_PATH)/emyrean-take-home-assignment";
			};
			name = Release;
		};
		1C9D67C22DE8A75B00FECF4C /* Debug */ = {
			isa = XCBuildConfiguration;
			buildSettings = {
				CODE_SIGN_STYLE = Automatic;
				CURRENT_PROJECT_VERSION = 1;
				DEVELOPMENT_TEAM = GAQT8HYM7F;
				GENERATE_INFOPLIST_FILE = YES;
				MARKETING_VERSION = 1.0;
				PRODUCT_BUNDLE_IDENTIFIER = "com.kuma.emyrean-take-home-assignmentUITests";
				PRODUCT_NAME = "$(TARGET_NAME)";
				SWIFT_EMIT_LOC_STRINGS = NO;
				SWIFT_VERSION = 5.0;
				TARGETED_DEVICE_FAMILY = "1,2";
				TEST_TARGET_NAME = "emyrean-take-home-assignment";
			};
			name = Debug;
		};
		1C9D67C32DE8A75B00FECF4C /* Release */ = {
			isa = XCBuildConfiguration;
			buildSettings = {
				CODE_SIGN_STYLE = Automatic;
				CURRENT_PROJECT_VERSION = 1;
				DEVELOPMENT_TEAM = GAQT8HYM7F;
				GENERATE_INFOPLIST_FILE = YES;
				MARKETING_VERSION = 1.0;
				PRODUCT_BUNDLE_IDENTIFIER = "com.kuma.emyrean-take-home-assignmentUITests";
				PRODUCT_NAME = "$(TARGET_NAME)";
				SWIFT_EMIT_LOC_STRINGS = NO;
				SWIFT_VERSION = 5.0;
				TARGETED_DEVICE_FAMILY = "1,2";
				TEST_TARGET_NAME = "emyrean-take-home-assignment";
			};
			name = Release;
		};
/* End XCBuildConfiguration section */

/* Begin XCConfigurationList section */
		1C9D678B2DE8A75A00FECF4C /* Build configuration list for PBXProject "emyrean-take-home-assignment" */ = {
			isa = XCConfigurationList;
			buildConfigurations = (
				1C9D67BC2DE8A75B00FECF4C /* Debug */,
				1C9D67BD2DE8A75B00FECF4C /* Release */,
			);
			defaultConfigurationIsVisible = 0;
			defaultConfigurationName = Release;
		};
		1C9D67B92DE8A75B00FECF4C /* Build configuration list for PBXNativeTarget "emyrean-take-home-assignment" */ = {
			isa = XCConfigurationList;
			buildConfigurations = (
				1C9D67BA2DE8A75B00FECF4C /* Debug */,
				1C9D67BB2DE8A75B00FECF4C /* Release */,
			);
			defaultConfigurationIsVisible = 0;
			defaultConfigurationName = Release;
		};
		1C9D67BE2DE8A75B00FECF4C /* Build configuration list for PBXNativeTarget "emyrean-take-home-assignmentTests" */ = {
			isa = XCConfigurationList;
			buildConfigurations = (
				1C9D67BF2DE8A75B00FECF4C /* Debug */,
				1C9D67C02DE8A75B00FECF4C /* Release */,
			);
			defaultConfigurationIsVisible = 0;
			defaultConfigurationName = Release;
		};
		1C9D67C12DE8A75B00FECF4C /* Build configuration list for PBXNativeTarget "emyrean-take-home-assignmentUITests" */ = {
			isa = XCConfigurationList;
			buildConfigurations = (
				1C9D67C22DE8A75B00FECF4C /* Debug */,
				1C9D67C32DE8A75B00FECF4C /* Release */,
			);
			defaultConfigurationIsVisible = 0;
			defaultConfigurationName = Release;
		};
/* End XCConfigurationList section */
	};
	rootObject = 1C9D67882DE8A75A00FECF4C /* Project object */;
}
